
Microsoft Visual Studio Solution File, Format Version 12.00
# Visual Studio 15
VisualStudioVersion = 15.0.27428.2015
MinimumVisualStudioVersion = 10.0.40219.1
Project("{FAE04EC0-301F-11D3-BF4B-00C04F79EFBC}") = "RZDKursovoy", "RZDKursovoy\RZDKursovoy.csproj", "{EADC17AA-F66F-4E2E-967E-3FF5EF5EDF66}"
EndProject
Global
	GlobalSection(SolutionConfigurationPlatforms) = preSolution
		Debug|Any CPU = Debug|Any CPU
		Release|Any CPU = Release|Any CPU
	EndGlobalSection
	GlobalSection(ProjectConfigurationPlatforms) = postSolution
		{EADC17AA-F66F-4E2E-967E-3FF5EF5EDF66}.Debug|Any CPU.ActiveCfg = Debug|Any CPU
		{EADC17AA-F66F-4E2E-967E-3FF5EF5EDF66}.Debug|Any CPU.Build.0 = Debug|Any CPU
		{EADC17AA-F66F-4E2E-967E-3FF5EF5EDF66}.Release|Any CPU.ActiveCfg = Release|Any CPU
		{EADC17AA-F66F-4E2E-967E-3FF5EF5EDF66}.Release|Any CPU.Build.0 = Release|Any CPU
	EndGlobalSection
	GlobalSection(SolutionProperties) = preSolution
		HideSolutionNode = FALSE
	EndGlobalSection
	GlobalSection(ExtensibilityGlobals) = postSolution
		SolutionGuid = {FB0AB8D3-908E-4247-A17B-0F871F4A5018}
	EndGlobalSection
EndGlobal
